// !$*UTF8*$!
{
	archiveVersion = 1;
	classes = {
	};
	objectVersion = 77;
	objects = {

/* Begin PBXBuildFile section */
		D0A7D8AF2ED8A54900FE2148 /* ContentView.swift in Sources */ = {isa = PBXBuildFile; fileRef = D0A7D8AC2ED8A54900FE2148 /* ContentView.swift */; };
		D0A7D8B02ED8A54900FE2148 /* SwiftDataServiceApp.swift in Sources */ = {isa = PBXBuildFile; fileRef = D0A7D8AD2ED8A54900FE2148 /* SwiftDataServiceApp.swift */; };
		D0A7D8B12ED8A54900FE2148 /* Assets.xcassets in Resources */ = {isa = PBXBuildFile; fileRef = D0A7D8AB2ED8A54900FE2148 /* Assets.xcassets */; };
		D0A7D8B42ED8A56400FE2148 /* DatabaseService.swift in Sources */ = {isa = PBXBuildFile; fileRef = D0A7D8B32ED8A56400FE2148 /* DatabaseService.swift */; };
		D0A7D8B72ED8A59300FE2148 /* User.swift in Sources */ = {isa = PBXBuildFile; fileRef = D0A7D8B62ED8A59300FE2148 /* User.swift */; };
		D0A7D8BC2ED8A79D00FE2148 /* UserViewModel.swift in Sources */ = {isa = PBXBuildFile; fileRef = D0A7D8BB2ED8A79D00FE2148 /* UserViewModel.swift */; };
/* End PBXBuildFile section */

/* Begin PBXContainerItemProxy section */
		D0A7D88F2ED8A53E00FE2148 /* PBXContainerItemProxy */ = {
			isa = PBXContainerItemProxy;
			containerPortal = D0A7D8792ED8A53B00FE2148 /* Project object */;
			proxyType = 1;
			remoteGlobalIDString = D0A7D8802ED8A53B00FE2148;
			remoteInfo = SwiftDataService;
		};
		D0A7D8992ED8A53E00FE2148 /* PBXContainerItemProxy */ = {
			isa = PBXContainerItemProxy;
			containerPortal = D0A7D8792ED8A53B00FE2148 /* Project object */;
			proxyType = 1;
			remoteGlobalIDString = D0A7D8802ED8A53B00FE2148;
			remoteInfo = SwiftDataService;
		};
/* End PBXContainerItemProxy section */

/* Begin PBXFileReference section */
		D0A7D8812ED8A53B00FE2148 /* SwiftDataService.app */ = {isa = PBXFileReference; explicitFileType = wrapper.application; includeInIndex = 0; path = SwiftDataService.app; sourceTree = BUILT_PRODUCTS_DIR; };
		D0A7D88E2ED8A53E00FE2148 /* SwiftDataServiceTests.xctest */ = {isa = PBXFileReference; explicitFileType = wrapper.cfbundle; includeInIndex = 0; path = SwiftDataServiceTests.xctest; sourceTree = BUILT_PRODUCTS_DIR; };
		D0A7D8982ED8A53E00FE2148 /* SwiftDataServiceUITests.xctest */ = {isa = PBXFileReference; explicitFileType = wrapper.cfbundle; includeInIndex = 0; path = SwiftDataServiceUITests.xctest; sourceTree = BUILT_PRODUCTS_DIR; };
		D0A7D8AB2ED8A54900FE2148 /* Assets.xcassets */ = {isa = PBXFileReference; lastKnownFileType = folder.assetcatalog; path = Assets.xcassets; sourceTree = "<group>"; };
		D0A7D8AC2ED8A54900FE2148 /* ContentView.swift */ = {isa = PBXFileReference; lastKnownFileType = sourcecode.swift; path = ContentView.swift; sourceTree = "<group>"; };
		D0A7D8AD2ED8A54900FE2148 /* SwiftDataServiceApp.swift */ = {isa = PBXFileReference; lastKnownFileType = sourcecode.swift; path = SwiftDataServiceApp.swift; sourceTree = "<group>"; };
		D0A7D8B32ED8A56400FE2148 /* DatabaseService.swift */ = {isa = PBXFileReference; lastKnownFileType = sourcecode.swift; path = DatabaseService.swift; sourceTree = "<group>"; };
		D0A7D8B62ED8A59300FE2148 /* User.swift */ = {isa = PBXFileReference; lastKnownFileType = sourcecode.swift; path = User.swift; sourceTree = "<group>"; };
		D0A7D8BB2ED8A79D00FE2148 /* UserViewModel.swift */ = {isa = PBXFileReference; lastKnownFileType = sourcecode.swift; path = UserViewModel.swift; sourceTree = "<group>"; };
/* End PBXFileReference section */

/* Begin PBXFileSystemSynchronizedRootGroup section */
		D0A7D8912ED8A53E00FE2148 /* SwiftDataServiceTests */ = {
			isa = PBXFileSystemSynchronizedRootGroup;
			path = SwiftDataServiceTests;
			sourceTree = "<group>";
		};
		D0A7D89B2ED8A53E00FE2148 /* SwiftDataServiceUITests */ = {
			isa = PBXFileSystemSynchronizedRootGroup;
			path = SwiftDataServiceUITests;
			sourceTree = "<group>";
		};
/* End PBXFileSystemSynchronizedRootGroup section */

/* Begin PBXFrameworksBuildPhase section */
		D0A7D87E2ED8A53B00FE2148 /* Frameworks */ = {
			isa = PBXFrameworksBuildPhase;
			buildActionMask = 2147483647;
			files = (
			);
			runOnlyForDeploymentPostprocessing = 0;
		};
		D0A7D88B2ED8A53E00FE2148 /* Frameworks */ = {
			isa = PBXFrameworksBuildPhase;
			buildActionMask = 2147483647;
			files = (
			);
			runOnlyForDeploymentPostprocessing = 0;
		};
		D0A7D8952ED8A53E00FE2148 /* Frameworks */ = {
			isa = PBXFrameworksBuildPhase;
			buildActionMask = 2147483647;
			files = (
			);
			runOnlyForDeploymentPostprocessing = 0;
		};
/* End PBXFrameworksBuildPhase section */

/* Begin PBXGroup section */
		D0A7D8782ED8A53B00FE2148 = {
			isa = PBXGroup;
			children = (
				D0A7D8AE2ED8A54900FE2148 /* SwiftDataService */,
				D0A7D8912ED8A53E00FE2148 /* SwiftDataServiceTests */,
				D0A7D89B2ED8A53E00FE2148 /* SwiftDataServiceUITests */,
				D0A7D8822ED8A53B00FE2148 /* Products */,
			);
			sourceTree = "<group>";
		};
		D0A7D8822ED8A53B00FE2148 /* Products */ = {
			isa = PBXGroup;
			children = (
				D0A7D8812ED8A53B00FE2148 /* SwiftDataService.app */,
				D0A7D88E2ED8A53E00FE2148 /* SwiftDataServiceTests.xctest */,
				D0A7D8982ED8A53E00FE2148 /* SwiftDataServiceUITests.xctest */,
			);
			name = Products;
			sourceTree = "<group>";
		};
		D0A7D8AE2ED8A54900FE2148 /* SwiftDataService */ = {
			isa = PBXGroup;
			children = (
				D0A7D8B82ED8A64B00FE2148 /* App */,
				D0A7D8BA2ED8A78F00FE2148 /* ViewModels */,
				D0A7D8B92ED8A72900FE2148 /* Views */,
				D0A7D8B52ED8A58200FE2148 /* Models */,
				D0A7D8B22ED8A54F00FE2148 /* Services */,
				D0A7D8AB2ED8A54900FE2148 /* Assets.xcassets */,
			);
			path = SwiftDataService;
			sourceTree = "<group>";
		};
		D0A7D8B22ED8A54F00FE2148 /* Services */ = {
			isa = PBXGroup;
			children = (
				D0A7D8B32ED8A56400FE2148 /* DatabaseService.swift */,
			);
			path = Services;
			sourceTree = "<group>";
		};
		D0A7D8B52ED8A58200FE2148 /* Models */ = {
			isa = PBXGroup;
			children = (
				D0A7D8B62ED8A59300FE2148 /* User.swift */,
			);
			path = Models;
			sourceTree = "<group>";
		};
		D0A7D8B82ED8A64B00FE2148 /* App */ = {
			isa = PBXGroup;
			children = (
				D0A7D8AD2ED8A54900FE2148 /* SwiftDataServiceApp.swift */,
			);
			path = App;
			sourceTree = "<group>";
		};
		D0A7D8B92ED8A72900FE2148 /* Views */ = {
			isa = PBXGroup;
			children = (
				D0A7D8AC2ED8A54900FE2148 /* ContentView.swift */,
			);
			path = Views;
			sourceTree = "<group>";
		};
		D0A7D8BA2ED8A78F00FE2148 /* ViewModels */ = {
			isa = PBXGroup;
			children = (
				D0A7D8BB2ED8A79D00FE2148 /* UserViewModel.swift */,
			);
			path = ViewModels;
			sourceTree = "<group>";
		};
/* End PBXGroup section */

/* Begin PBXNativeTarget section */
		D0A7D8802ED8A53B00FE2148 /* SwiftDataService */ = {
			isa = PBXNativeTarget;
			buildConfigurationList = D0A7D8A22ED8A53E00FE2148 /* Build configuration list for PBXNativeTarget "SwiftDataService" */;
			buildPhases = (
				D0A7D87D2ED8A53B00FE2148 /* Sources */,
				D0A7D87E2ED8A53B00FE2148 /* Frameworks */,
				D0A7D87F2ED8A53B00FE2148 /* Resources */,
			);
			buildRules = (
			);
			dependencies = (
			);
			name = SwiftDataService;
			packageProductDependencies = (
			);
			productName = SwiftDataService;
			productReference = D0A7D8812ED8A53B00FE2148 /* SwiftDataService.app */;
			productType = "com.apple.product-type.application";
		};
		D0A7D88D2ED8A53E00FE2148 /* SwiftDataServiceTests */ = {
			isa = PBXNativeTarget;
			buildConfigurationList = D0A7D8A52ED8A53E00FE2148 /* Build configuration list for PBXNativeTarget "SwiftDataServiceTests" */;
			buildPhases = (
				D0A7D88A2ED8A53E00FE2148 /* Sources */,
				D0A7D88B2ED8A53E00FE2148 /* Frameworks */,
				D0A7D88C2ED8A53E00FE2148 /* Resources */,
			);
			buildRules = (
			);
			dependencies = (
				D0A7D8902ED8A53E00FE2148 /* PBXTargetDependency */,
			);
			fileSystemSynchronizedGroups = (
				D0A7D8912ED8A53E00FE2148 /* SwiftDataServiceTests */,
			);
			name = SwiftDataServiceTests;
			packageProductDependencies = (
			);
			productName = SwiftDataServiceTests;
			productReference = D0A7D88E2ED8A53E00FE2148 /* SwiftDataServiceTests.xctest */;
			productType = "com.apple.product-type.bundle.unit-test";
		};
		D0A7D8972ED8A53E00FE2148 /* SwiftDataServiceUITests */ = {
			isa = PBXNativeTarget;
			buildConfigurationList = D0A7D8A82ED8A53E00FE2148 /* Build configuration list for PBXNativeTarget "SwiftDataServiceUITests" */;
			buildPhases = (
				D0A7D8942ED8A53E00FE2148 /* Sources */,
				D0A7D8952ED8A53E00FE2148 /* Frameworks */,
				D0A7D8962ED8A53E00FE2148 /* Resources */,
			);
			buildRules = (
			);
			dependencies = (
				D0A7D89A2ED8A53E00FE2148 /* PBXTargetDependency */,
			);
			fileSystemSynchronizedGroups = (
				D0A7D89B2ED8A53E00FE2148 /* SwiftDataServiceUITests */,
			);
			name = SwiftDataServiceUITests;
			packageProductDependencies = (
			);
			productName = SwiftDataServiceUITests;
			productReference = D0A7D8982ED8A53E00FE2148 /* SwiftDataServiceUITests.xctest */;
			productType = "com.apple.product-type.bundle.ui-testing";
		};
/* End PBXNativeTarget section */

/* Begin PBXProject section */
		D0A7D8792ED8A53B00FE2148 /* Project object */ = {
			isa = PBXProject;
			attributes = {
				BuildIndependentTargetsInParallel = 1;
				LastSwiftUpdateCheck = 2600;
				LastUpgradeCheck = 2600;
				TargetAttributes = {
					D0A7D8802ED8A53B00FE2148 = {
						CreatedOnToolsVersion = 26.0.1;
					};
					D0A7D88D2ED8A53E00FE2148 = {
						CreatedOnToolsVersion = 26.0.1;
						TestTargetID = D0A7D8802ED8A53B00FE2148;
					};
					D0A7D8972ED8A53E00FE2148 = {
						CreatedOnToolsVersion = 26.0.1;
						TestTargetID = D0A7D8802ED8A53B00FE2148;
					};
				};
			};
			buildConfigurationList = D0A7D87C2ED8A53B00FE2148 /* Build configuration list for PBXProject "SwiftDataService" */;
			developmentRegion = en;
			hasScannedForEncodings = 0;
			knownRegions = (
				en,
				Base,
			);
			mainGroup = D0A7D8782ED8A53B00FE2148;
			minimizedProjectReferenceProxies = 1;
			preferredProjectObjectVersion = 77;
			productRefGroup = D0A7D8822ED8A53B00FE2148 /* Products */;
			projectDirPath = "";
			projectRoot = "";
			targets = (
				D0A7D8802ED8A53B00FE2148 /* SwiftDataService */,
				D0A7D88D2ED8A53E00FE2148 /* SwiftDataServiceTests */,
				D0A7D8972ED8A53E00FE2148 /* SwiftDataServiceUITests */,
			);
		};
/* End PBXProject section */

/* Begin PBXResourcesBuildPhase section */
		D0A7D87F2ED8A53B00FE2148 /* Resources */ = {
			isa = PBXResourcesBuildPhase;
			buildActionMask = 2147483647;
			files = (
				D0A7D8B12ED8A54900FE2148 /* Assets.xcassets in Resources */,
			);
			runOnlyForDeploymentPostprocessing = 0;
		};
		D0A7D88C2ED8A53E00FE2148 /* Resources */ = {
			isa = PBXResourcesBuildPhase;
			buildActionMask = 2147483647;
			files = (
			);
			runOnlyForDeploymentPostprocessing = 0;
		};
		D0A7D8962ED8A53E00FE2148 /* Resources */ = {
			isa = PBXResourcesBuildPhase;
			buildActionMask = 2147483647;
			files = (
			);
			runOnlyForDeploymentPostprocessing = 0;
		};
/* End PBXResourcesBuildPhase section */

/* Begin PBXSourcesBuildPhase section */
		D0A7D87D2ED8A53B00FE2148 /* Sources */ = {
			isa = PBXSourcesBuildPhase;
			buildActionMask = 2147483647;
			files = (
				D0A7D8B72ED8A59300FE2148 /* User.swift in Sources */,
				D0A7D8B42ED8A56400FE2148 /* DatabaseService.swift in Sources */,
				D0A7D8AF2ED8A54900FE2148 /* ContentView.swift in Sources */,
				D0A7D8BC2ED8A79D00FE2148 /* UserViewModel.swift in Sources */,
				D0A7D8B02ED8A54900FE2148 /* SwiftDataServiceApp.swift in Sources */,
			);
			runOnlyForDeploymentPostprocessing = 0;
		};
		D0A7D88A2ED8A53E00FE2148 /* Sources */ = {
			isa = PBXSourcesBuildPhase;
			buildActionMask = 2147483647;
			files = (
			);
			runOnlyForDeploymentPostprocessing = 0;
		};
		D0A7D8942ED8A53E00FE2148 /* Sources */ = {
			isa = PBXSourcesBuildPhase;
			buildActionMask = 2147483647;
			files = (
			);
			runOnlyForDeploymentPostprocessing = 0;
		};
/* End PBXSourcesBuildPhase section */

/* Begin PBXTargetDependency section */
		D0A7D8902ED8A53E00FE2148 /* PBXTargetDependency */ = {
			isa = PBXTargetDependency;
			target = D0A7D8802ED8A53B00FE2148 /* SwiftDataService */;
			targetProxy = D0A7D88F2ED8A53E00FE2148 /* PBXContainerItemProxy */;
		};
		D0A7D89A2ED8A53E00FE2148 /* PBXTargetDependency */ = {
			isa = PBXTargetDependency;
			target = D0A7D8802ED8A53B00FE2148 /* SwiftDataService */;
			targetProxy = D0A7D8992ED8A53E00FE2148 /* PBXContainerItemProxy */;
		};
/* End PBXTargetDependency section */

/* Begin XCBuildConfiguration section */
		D0A7D8A02ED8A53E00FE2148 /* Debug */ = {
			isa = XCBuildConfiguration;
			buildSettings = {
				ALWAYS_SEARCH_USER_PATHS = NO;
				ASSETCATALOG_COMPILER_GENERATE_SWIFT_ASSET_SYMBOL_EXTENSIONS = YES;
				CLANG_ANALYZER_NONNULL = YES;
				CLANG_ANALYZER_NUMBER_OBJECT_CONVERSION = YES_AGGRESSIVE;
				CLANG_CXX_LANGUAGE_STANDARD = "gnu++20";
				CLANG_ENABLE_MODULES = YES;
				CLANG_ENABLE_OBJC_ARC = YES;
				CLANG_ENABLE_OBJC_WEAK = YES;
				CLANG_WARN_BLOCK_CAPTURE_AUTORELEASING = YES;
				CLANG_WARN_BOOL_CONVERSION = YES;
				CLANG_WARN_COMMA = YES;
				CLANG_WARN_CONSTANT_CONVERSION = YES;
				CLANG_WARN_DEPRECATED_OBJC_IMPLEMENTATIONS = YES;
				CLANG_WARN_DIRECT_OBJC_ISA_USAGE = YES_ERROR;
				CLANG_WARN_DOCUMENTATION_COMMENTS = YES;
				CLANG_WARN_EMPTY_BODY = YES;
				CLANG_WARN_ENUM_CONVERSION = YES;
				CLANG_WARN_INFINITE_RECURSION = YES;
				CLANG_WARN_INT_CONVERSION = YES;
				CLANG_WARN_NON_LITERAL_NULL_CONVERSION = YES;
				CLANG_WARN_OBJC_IMPLICIT_RETAIN_SELF = YES;
				CLANG_WARN_OBJC_LITERAL_CONVERSION = YES;
				CLANG_WARN_OBJC_ROOT_CLASS = YES_ERROR;
				CLANG_WARN_QUOTED_INCLUDE_IN_FRAMEWORK_HEADER = YES;
				CLANG_WARN_RANGE_LOOP_ANALYSIS = YES;
				CLANG_WARN_STRICT_PROTOTYPES = YES;
				CLANG_WARN_SUSPICIOUS_MOVE = YES;
				CLANG_WARN_UNGUARDED_AVAILABILITY = YES_AGGRESSIVE;
				CLANG_WARN_UNREACHABLE_CODE = YES;
				CLANG_WARN__DUPLICATE_METHOD_MATCH = YES;
				COPY_PHASE_STRIP = NO;
				DEBUG_INFORMATION_FORMAT = dwarf;
				DEVELOPMENT_TEAM = 5CA7DT5PQ7;
				ENABLE_STRICT_OBJC_MSGSEND = YES;
				ENABLE_TESTABILITY = YES;
				ENABLE_USER_SCRIPT_SANDBOXING = YES;
				GCC_C_LANGUAGE_STANDARD = gnu17;
				GCC_DYNAMIC_NO_PIC = NO;
				GCC_NO_COMMON_BLOCKS = YES;
				GCC_OPTIMIZATION_LEVEL = 0;
				GCC_PREPROCESSOR_DEFINITIONS = (
					"DEBUG=1",
					"$(inherited)",
				);
				GCC_WARN_64_TO_32_BIT_CONVERSION = YES;
				GCC_WARN_ABOUT_RETURN_TYPE = YES_ERROR;
				GCC_WARN_UNDECLARED_SELECTOR = YES;
				GCC_WARN_UNINITIALIZED_AUTOS = YES_AGGRESSIVE;
				GCC_WARN_UNUSED_FUNCTION = YES;
				GCC_WARN_UNUSED_VARIABLE = YES;
				IPHONEOS_DEPLOYMENT_TARGET = 26.0;
				LOCALIZATION_PREFERS_STRING_CATALOGS = YES;
				MTL_ENABLE_DEBUG_INFO = INCLUDE_SOURCE;
				MTL_FAST_MATH = YES;
				ONLY_ACTIVE_ARCH = YES;
				SDKROOT = iphoneos;
				SWIFT_ACTIVE_COMPILATION_CONDITIONS = "DEBUG $(inherited)";
				SWIFT_OPTIMIZATION_LEVEL = "-Onone";
			};
			name = Debug;
		};
		D0A7D8A12ED8A53E00FE2148 /* Release */ = {
			isa = XCBuildConfiguration;
			buildSettings = {
				ALWAYS_SEARCH_USER_PATHS = NO;
				ASSETCATALOG_COMPILER_GENERATE_SWIFT_ASSET_SYMBOL_EXTENSIONS = YES;
				CLANG_ANALYZER_NONNULL = YES;
				CLANG_ANALYZER_NUMBER_OBJECT_CONVERSION = YES_AGGRESSIVE;
				CLANG_CXX_LANGUAGE_STANDARD = "gnu++20";
				CLANG_ENABLE_MODULES = YES;
				CLANG_ENABLE_OBJC_ARC = YES;
				CLANG_ENABLE_OBJC_WEAK = YES;
				CLANG_WARN_BLOCK_CAPTURE_AUTORELEASING = YES;
				CLANG_WARN_BOOL_CONVERSION = YES;
				CLANG_WARN_COMMA = YES;
				CLANG_WARN_CONSTANT_CONVERSION = YES;
				CLANG_WARN_DEPRECATED_OBJC_IMPLEMENTATIONS = YES;
				CLANG_WARN_DIRECT_OBJC_ISA_USAGE = YES_ERROR;
				CLANG_WARN_DOCUMENTATION_COMMENTS = YES;
				CLANG_WARN_EMPTY_BODY = YES;
				CLANG_WARN_ENUM_CONVERSION = YES;
				CLANG_WARN_INFINITE_RECURSION = YES;
				CLANG_WARN_INT_CONVERSION = YES;
				CLANG_WARN_NON_LITERAL_NULL_CONVERSION = YES;
				CLANG_WARN_OBJC_IMPLICIT_RETAIN_SELF = YES;
				CLANG_WARN_OBJC_LITERAL_CONVERSION = YES;
				CLANG_WARN_OBJC_ROOT_CLASS = YES_ERROR;
				CLANG_WARN_QUOTED_INCLUDE_IN_FRAMEWORK_HEADER = YES;
				CLANG_WARN_RANGE_LOOP_ANALYSIS = YES;
				CLANG_WARN_STRICT_PROTOTYPES = YES;
				CLANG_WARN_SUSPICIOUS_MOVE = YES;
				CLANG_WARN_UNGUARDED_AVAILABILITY = YES_AGGRESSIVE;
				CLANG_WARN_UNREACHABLE_CODE = YES;
				CLANG_WARN__DUPLICATE_METHOD_MATCH = YES;
				COPY_PHASE_STRIP = NO;
				DEBUG_INFORMATION_FORMAT = "dwarf-with-dsym";
				DEVELOPMENT_TEAM = 5CA7DT5PQ7;
				ENABLE_NS_ASSERTIONS = NO;
				ENABLE_STRICT_OBJC_MSGSEND = YES;
				ENABLE_USER_SCRIPT_SANDBOXING = YES;
				GCC_C_LANGUAGE_STANDARD = gnu17;
				GCC_NO_COMMON_BLOCKS = YES;
				GCC_WARN_64_TO_32_BIT_CONVERSION = YES;
				GCC_WARN_ABOUT_RETURN_TYPE = YES_ERROR;
				GCC_WARN_UNDECLARED_SELECTOR = YES;
				GCC_WARN_UNINITIALIZED_AUTOS = YES_AGGRESSIVE;
				GCC_WARN_UNUSED_FUNCTION = YES;
				GCC_WARN_UNUSED_VARIABLE = YES;
				IPHONEOS_DEPLOYMENT_TARGET = 26.0;
				LOCALIZATION_PREFERS_STRING_CATALOGS = YES;
				MTL_ENABLE_DEBUG_INFO = NO;
				MTL_FAST_MATH = YES;
				SDKROOT = iphoneos;
				SWIFT_COMPILATION_MODE = wholemodule;
				VALIDATE_PRODUCT = YES;
			};
			name = Release;
		};
		D0A7D8A32ED8A53E00FE2148 /* Debug */ = {
			isa = XCBuildConfiguration;
			buildSettings = {
				ASSETCATALOG_COMPILER_APPICON_NAME = AppIcon;
				ASSETCATALOG_COMPILER_GLOBAL_ACCENT_COLOR_NAME = AccentColor;
				CODE_SIGN_STYLE = Automatic;
				CURRENT_PROJECT_VERSION = 1;
				DEVELOPMENT_TEAM = 5CA7DT5PQ7;
				ENABLE_PREVIEWS = YES;
				GENERATE_INFOPLIST_FILE = YES;
				INFOPLIST_KEY_UIApplicationSceneManifest_Generation = YES;
				INFOPLIST_KEY_UIApplicationSupportsIndirectInputEvents = YES;
				INFOPLIST_KEY_UILaunchScreen_Generation = YES;
				INFOPLIST_KEY_UISupportedInterfaceOrientations_iPad = "UIInterfaceOrientationPortrait UIInterfaceOrientationPortraitUpsideDown UIInterfaceOrientationLandscapeLeft UIInterfaceOrientationLandscapeRight";
				INFOPLIST_KEY_UISupportedInterfaceOrientations_iPhone = "UIInterfaceOrientationPortrait UIInterfaceOrientationLandscapeLeft UIInterfaceOrientationLandscapeRight";
				LD_RUNPATH_SEARCH_PATHS = (
					"$(inherited)",
					"@executable_path/Frameworks",
				);
				MARKETING_VERSION = 1.0;
				PRODUCT_BUNDLE_IDENTIFIER = codable.SwiftDataService;
				PRODUCT_NAME = "$(TARGET_NAME)";
				STRING_CATALOG_GENERATE_SYMBOLS = YES;
				SWIFT_APPROACHABLE_CONCURRENCY = YES;
				SWIFT_DEFAULT_ACTOR_ISOLATION = MainActor;
				SWIFT_EMIT_LOC_STRINGS = YES;
				SWIFT_UPCOMING_FEATURE_MEMBER_IMPORT_VISIBILITY = YES;
				SWIFT_VERSION = 5.0;
				TARGETED_DEVICE_FAMILY = "1,2";
			};
			name = Debug;
		};
		D0A7D8A42ED8A53E00FE2148 /* Release */ = {
			isa = XCBuildConfiguration;
			buildSettings = {
				ASSETCATALOG_COMPILER_APPICON_NAME = AppIcon;
				ASSETCATALOG_COMPILER_GLOBAL_ACCENT_COLOR_NAME = AccentColor;
				CODE_SIGN_STYLE = Automatic;
				CURRENT_PROJECT_VERSION = 1;
				DEVELOPMENT_TEAM = 5CA7DT5PQ7;
				ENABLE_PREVIEWS = YES;
				GENERATE_INFOPLIST_FILE = YES;
				INFOPLIST_KEY_UIApplicationSceneManifest_Generation = YES;
				INFOPLIST_KEY_UIApplicationSupportsIndirectInputEvents = YES;
				INFOPLIST_KEY_UILaunchScreen_Generation = YES;
				INFOPLIST_KEY_UISupportedInterfaceOrientations_iPad = "UIInterfaceOrientationPortrait UIInterfaceOrientationPortraitUpsideDown UIInterfaceOrientationLandscapeLeft UIInterfaceOrientationLandscapeRight";
				INFOPLIST_KEY_UISupportedInterfaceOrientations_iPhone = "UIInterfaceOrientationPortrait UIInterfaceOrientationLandscapeLeft UIInterfaceOrientationLandscapeRight";
				LD_RUNPATH_SEARCH_PATHS = (
					"$(inherited)",
					"@executable_path/Frameworks",
				);
				MARKETING_VERSION = 1.0;
				PRODUCT_BUNDLE_IDENTIFIER = codable.SwiftDataService;
				PRODUCT_NAME = "$(TARGET_NAME)";
				STRING_CATALOG_GENERATE_SYMBOLS = YES;
				SWIFT_APPROACHABLE_CONCURRENCY = YES;
				SWIFT_DEFAULT_ACTOR_ISOLATION = MainActor;
				SWIFT_EMIT_LOC_STRINGS = YES;
				SWIFT_UPCOMING_FEATURE_MEMBER_IMPORT_VISIBILITY = YES;
				SWIFT_VERSION = 5.0;
				TARGETED_DEVICE_FAMILY = "1,2";
			};
			name = Release;
		};
		D0A7D8A62ED8A53E00FE2148 /* Debug */ = {
			isa = XCBuildConfiguration;
			buildSettings = {
				BUNDLE_LOADER = "$(TEST_HOST)";
				CODE_SIGN_STYLE = Automatic;
				CURRENT_PROJECT_VERSION = 1;
				DEVELOPMENT_TEAM = 5CA7DT5PQ7;
				GENERATE_INFOPLIST_FILE = YES;
				IPHONEOS_DEPLOYMENT_TARGET = 26.0;
				MARKETING_VERSION = 1.0;
				PRODUCT_BUNDLE_IDENTIFIER = codable.SwiftDataServiceTests;
				PRODUCT_NAME = "$(TARGET_NAME)";
				STRING_CATALOG_GENERATE_SYMBOLS = NO;
				SWIFT_APPROACHABLE_CONCURRENCY = YES;
				SWIFT_EMIT_LOC_STRINGS = NO;
				SWIFT_UPCOMING_FEATURE_MEMBER_IMPORT_VISIBILITY = YES;
				SWIFT_VERSION = 5.0;
				TARGETED_DEVICE_FAMILY = "1,2";
				TEST_HOST = "$(BUILT_PRODUCTS_DIR)/SwiftDataService.app/$(BUNDLE_EXECUTABLE_FOLDER_PATH)/SwiftDataService";
			};
			name = Debug;
		};
		D0A7D8A72ED8A53E00FE2148 /* Release */ = {
			isa = XCBuildConfiguration;
			buildSettings = {
				BUNDLE_LOADER = "$(TEST_HOST)";
				CODE_SIGN_STYLE = Automatic;
				CURRENT_PROJECT_VERSION = 1;
				DEVELOPMENT_TEAM = 5CA7DT5PQ7;
				GENERATE_INFOPLIST_FILE = YES;
				IPHONEOS_DEPLOYMENT_TARGET = 26.0;
				MARKETING_VERSION = 1.0;
				PRODUCT_BUNDLE_IDENTIFIER = codable.SwiftDataServiceTests;
				PRODUCT_NAME = "$(TARGET_NAME)";
				STRING_CATALOG_GENERATE_SYMBOLS = NO;
				SWIFT_APPROACHABLE_CONCURRENCY = YES;
				SWIFT_EMIT_LOC_STRINGS = NO;
				SWIFT_UPCOMING_FEATURE_MEMBER_IMPORT_VISIBILITY = YES;
				SWIFT_VERSION = 5.0;
				TARGETED_DEVICE_FAMILY = "1,2";
				TEST_HOST = "$(BUILT_PRODUCTS_DIR)/SwiftDataService.app/$(BUNDLE_EXECUTABLE_FOLDER_PATH)/SwiftDataService";
			};
			name = Release;
		};
		D0A7D8A92ED8A53E00FE2148 /* Debug */ = {
			isa = XCBuildConfiguration;
			buildSettings = {
				CODE_SIGN_STYLE = Automatic;
				CURRENT_PROJECT_VERSION = 1;
				DEVELOPMENT_TEAM = 5CA7DT5PQ7;
				GENERATE_INFOPLIST_FILE = YES;
				MARKETING_VERSION = 1.0;
				PRODUCT_BUNDLE_IDENTIFIER = codable.SwiftDataServiceUITests;
				PRODUCT_NAME = "$(TARGET_NAME)";
				STRING_CATALOG_GENERATE_SYMBOLS = NO;
				SWIFT_APPROACHABLE_CONCURRENCY = YES;
				SWIFT_EMIT_LOC_STRINGS = NO;
				SWIFT_UPCOMING_FEATURE_MEMBER_IMPORT_VISIBILITY = YES;
				SWIFT_VERSION = 5.0;
				TARGETED_DEVICE_FAMILY = "1,2";
				TEST_TARGET_NAME = SwiftDataService;
			};
			name = Debug;
		};
		D0A7D8AA2ED8A53E00FE2148 /* Release */ = {
			isa = XCBuildConfiguration;
			buildSettings = {
				CODE_SIGN_STYLE = Automatic;
				CURRENT_PROJECT_VERSION = 1;
				DEVELOPMENT_TEAM = 5CA7DT5PQ7;
				GENERATE_INFOPLIST_FILE = YES;
				MARKETING_VERSION = 1.0;
				PRODUCT_BUNDLE_IDENTIFIER = codable.SwiftDataServiceUITests;
				PRODUCT_NAME = "$(TARGET_NAME)";
				STRING_CATALOG_GENERATE_SYMBOLS = NO;
				SWIFT_APPROACHABLE_CONCURRENCY = YES;
				SWIFT_EMIT_LOC_STRINGS = NO;
				SWIFT_UPCOMING_FEATURE_MEMBER_IMPORT_VISIBILITY = YES;
				SWIFT_VERSION = 5.0;
				TARGETED_DEVICE_FAMILY = "1,2";
				TEST_TARGET_NAME = SwiftDataService;
			};
			name = Release;
		};
/* End XCBuildConfiguration section */

/* Begin XCConfigurationList section */
		D0A7D87C2ED8A53B00FE2148 /* Build configuration list for PBXProject "SwiftDataService" */ = {
			isa = XCConfigurationList;
			buildConfigurations = (
				D0A7D8A02ED8A53E00FE2148 /* Debug */,
				D0A7D8A12ED8A53E00FE2148 /* Release */,
			);
			defaultConfigurationIsVisible = 0;
			defaultConfigurationName = Release;
		};
		D0A7D8A22ED8A53E00FE2148 /* Build configuration list for PBXNativeTarget "SwiftDataService" */ = {
			isa = XCConfigurationList;
			buildConfigurations = (
				D0A7D8A32ED8A53E00FE2148 /* Debug */,
				D0A7D8A42ED8A53E00FE2148 /* Release */,
			);
			defaultConfigurationIsVisible = 0;
			defaultConfigurationName = Release;
		};
		D0A7D8A52ED8A53E00FE2148 /* Build configuration list for PBXNativeTarget "SwiftDataServiceTests" */ = {
			isa = XCConfigurationList;
			buildConfigurations = (
				D0A7D8A62ED8A53E00FE2148 /* Debug */,
				D0A7D8A72ED8A53E00FE2148 /* Release */,
			);
			defaultConfigurationIsVisible = 0;
			defaultConfigurationName = Release;
		};
		D0A7D8A82ED8A53E00FE2148 /* Build configuration list for PBXNativeTarget "SwiftDataServiceUITests" */ = {
			isa = XCConfigurationList;
			buildConfigurations = (
				D0A7D8A92ED8A53E00FE2148 /* Debug */,
				D0A7D8AA2ED8A53E00FE2148 /* Release */,
			);
			defaultConfigurationIsVisible = 0;
			defaultConfigurationName = Release;
		};
/* End XCConfigurationList section */
	};
	rootObject = D0A7D8792ED8A53B00FE2148 /* Project object */;
}
